
Microsoft Visual Studio Solution File, Format Version 12.00
# Visual Studio Version 16
VisualStudioVersion = 16.0.31624.102
MinimumVisualStudioVersion = 10.0.40219.1
Project("{FAE04EC0-301F-11D3-BF4B-00C04F79EFBC}") = "Parcial", "ProyectoFinal\Parcial.csproj", "{A5CD1F07-438A-4874-8198-62CF08CDCA51}"
EndProject
Global
	GlobalSection(SolutionConfigurationPlatforms) = preSolution
		Debug|Any CPU = Debug|Any CPU
		Release|Any CPU = Release|Any CPU
	EndGlobalSection
	GlobalSection(ProjectConfigurationPlatforms) = postSolution
		{A5CD1F07-438A-4874-8198-62CF08CDCA51}.Debug|Any CPU.ActiveCfg = Debug|Any CPU
		{A5CD1F07-438A-4874-8198-62CF08CDCA51}.Debug|Any CPU.Build.0 = Debug|Any CPU
		{A5CD1F07-438A-4874-8198-62CF08CDCA51}.Release|Any CPU.ActiveCfg = Release|Any CPU
		{A5CD1F07-438A-4874-8198-62CF08CDCA51}.Release|Any CPU.Build.0 = Release|Any CPU
	EndGlobalSection
	GlobalSection(SolutionProperties) = preSolution
		HideSolutionNode = FALSE
	EndGlobalSection
	GlobalSection(ExtensibilityGlobals) = postSolution
		SolutionGuid = {D630DA39-0694-40AF-91A4-086129E65089}
	EndGlobalSection
EndGlobal
